
Microsoft Visual Studio Solution File, Format Version 12.00
# Visual Studio 15
VisualStudioVersion = 15.0.28307.572
MinimumVisualStudioVersion = 10.0.40219.1
Project("{8BC9CEB8-8B4A-11D0-8D11-00A0C91BC942}") = "Cpp1", "Cpp1\Cpp1.vcxproj", "{E927E685-6706-4A7E-860B-2C2290AEBCF0}"
EndProject
Project("{888888A0-9F3D-457C-B088-3A5042F75D52}") = "Python1", "Python1\Python1.pyproj", "{914FDAEC-BC85-40BB-83E2-79C08642FC15}"
EndProject
Global
	GlobalSection(SolutionConfigurationPlatforms) = preSolution
		Debug|Any CPU = Debug|Any CPU
		Debug|x64 = Debug|x64
		Debug|x86 = Debug|x86
		Release|Any CPU = Release|Any CPU
		Release|x64 = Release|x64
		Release|x86 = Release|x86
	EndGlobalSection
	GlobalSection(ProjectConfigurationPlatforms) = postSolution
		{E927E685-6706-4A7E-860B-2C2290AEBCF0}.Debug|Any CPU.ActiveCfg = Debug|Win32
		{E927E685-6706-4A7E-860B-2C2290AEBCF0}.Debug|x64.ActiveCfg = Debug|x64
		{E927E685-6706-4A7E-860B-2C2290AEBCF0}.Debug|x64.Build.0 = Debug|x64
		{E927E685-6706-4A7E-860B-2C2290AEBCF0}.Debug|x86.ActiveCfg = Debug|Win32
		{E927E685-6706-4A7E-860B-2C2290AEBCF0}.Debug|x86.Build.0 = Debug|Win32
		{E927E685-6706-4A7E-860B-2C2290AEBCF0}.Release|Any CPU.ActiveCfg = Release|Win32
		{E927E685-6706-4A7E-860B-2C2290AEBCF0}.Release|x64.ActiveCfg = Release|x64
		{E927E685-6706-4A7E-860B-2C2290AEBCF0}.Release|x64.Build.0 = Release|x64
		{E927E685-6706-4A7E-860B-2C2290AEBCF0}.Release|x86.ActiveCfg = Release|Win32
		{E927E685-6706-4A7E-860B-2C2290AEBCF0}.Release|x86.Build.0 = Release|Win32
		{914FDAEC-BC85-40BB-83E2-79C08642FC15}.Debug|Any CPU.ActiveCfg = Debug|Any CPU
		{914FDAEC-BC85-40BB-83E2-79C08642FC15}.Debug|x64.ActiveCfg = Debug|Any CPU
		{914FDAEC-BC85-40BB-83E2-79C08642FC15}.Debug|x86.ActiveCfg = Debug|Any CPU
		{914FDAEC-BC85-40BB-83E2-79C08642FC15}.Release|Any CPU.ActiveCfg = Release|Any CPU
		{914FDAEC-BC85-40BB-83E2-79C08642FC15}.Release|x64.ActiveCfg = Release|Any CPU
		{914FDAEC-BC85-40BB-83E2-79C08642FC15}.Release|x86.ActiveCfg = Release|Any CPU
	EndGlobalSection
	GlobalSection(SolutionProperties) = preSolution
		HideSolutionNode = FALSE
	EndGlobalSection
	GlobalSection(ExtensibilityGlobals) = postSolution
		SolutionGuid = {541299B7-CD5E-434B-8B59-7CFD6C880257}
	EndGlobalSection
EndGlobal
