
Microsoft Visual Studio Solution File, Format Version 12.00
# Visual Studio 15
VisualStudioVersion = 15.0.28307.572
MinimumVisualStudioVersion = 10.0.40219.1
Project("{8BC9CEB8-8B4A-11D0-8D11-00A0C91BC942}") = "Cpp1", "Cpp1\Cpp1.vcxproj", "{04032CC8-39E9-4643-8E7B-920F96A6E3BC}"
EndProject
Project("{8BC9CEB8-8B4A-11D0-8D11-00A0C91BC942}") = "Cli1", "Cli1\Cli1.vcxproj", "{FCBBAAB9-17D4-4B27-85EA-13F6459BEC59}"
EndProject
Project("{FAE04EC0-301F-11D3-BF4B-00C04F79EFBC}") = "Sharp1", "Sharp1\Sharp1.csproj", "{69733825-1863-4756-B12A-E24D9F17B9EB}"
EndProject
Global
	GlobalSection(SolutionConfigurationPlatforms) = preSolution
		Debug|Any CPU = Debug|Any CPU
		Debug|x64 = Debug|x64
		Debug|x86 = Debug|x86
		Release|Any CPU = Release|Any CPU
		Release|x64 = Release|x64
		Release|x86 = Release|x86
	EndGlobalSection
	GlobalSection(ProjectConfigurationPlatforms) = postSolution
		{04032CC8-39E9-4643-8E7B-920F96A6E3BC}.Debug|Any CPU.ActiveCfg = Debug|Win32
		{04032CC8-39E9-4643-8E7B-920F96A6E3BC}.Debug|x64.ActiveCfg = Debug|x64
		{04032CC8-39E9-4643-8E7B-920F96A6E3BC}.Debug|x64.Build.0 = Debug|x64
		{04032CC8-39E9-4643-8E7B-920F96A6E3BC}.Debug|x86.ActiveCfg = Debug|Win32
		{04032CC8-39E9-4643-8E7B-920F96A6E3BC}.Debug|x86.Build.0 = Debug|Win32
		{04032CC8-39E9-4643-8E7B-920F96A6E3BC}.Release|Any CPU.ActiveCfg = Release|Win32
		{04032CC8-39E9-4643-8E7B-920F96A6E3BC}.Release|x64.ActiveCfg = Release|x64
		{04032CC8-39E9-4643-8E7B-920F96A6E3BC}.Release|x64.Build.0 = Release|x64
		{04032CC8-39E9-4643-8E7B-920F96A6E3BC}.Release|x86.ActiveCfg = Release|Win32
		{04032CC8-39E9-4643-8E7B-920F96A6E3BC}.Release|x86.Build.0 = Release|Win32
		{FCBBAAB9-17D4-4B27-85EA-13F6459BEC59}.Debug|Any CPU.ActiveCfg = Debug|Win32
		{FCBBAAB9-17D4-4B27-85EA-13F6459BEC59}.Debug|x64.ActiveCfg = Debug|x64
		{FCBBAAB9-17D4-4B27-85EA-13F6459BEC59}.Debug|x64.Build.0 = Debug|x64
		{FCBBAAB9-17D4-4B27-85EA-13F6459BEC59}.Debug|x86.ActiveCfg = Debug|Win32
		{FCBBAAB9-17D4-4B27-85EA-13F6459BEC59}.Debug|x86.Build.0 = Debug|Win32
		{FCBBAAB9-17D4-4B27-85EA-13F6459BEC59}.Release|Any CPU.ActiveCfg = Release|Win32
		{FCBBAAB9-17D4-4B27-85EA-13F6459BEC59}.Release|x64.ActiveCfg = Release|x64
		{FCBBAAB9-17D4-4B27-85EA-13F6459BEC59}.Release|x64.Build.0 = Release|x64
		{FCBBAAB9-17D4-4B27-85EA-13F6459BEC59}.Release|x86.ActiveCfg = Release|Win32
		{FCBBAAB9-17D4-4B27-85EA-13F6459BEC59}.Release|x86.Build.0 = Release|Win32
		{69733825-1863-4756-B12A-E24D9F17B9EB}.Debug|Any CPU.ActiveCfg = Debug|Any CPU
		{69733825-1863-4756-B12A-E24D9F17B9EB}.Debug|Any CPU.Build.0 = Debug|Any CPU
		{69733825-1863-4756-B12A-E24D9F17B9EB}.Debug|x64.ActiveCfg = Debug|Any CPU
		{69733825-1863-4756-B12A-E24D9F17B9EB}.Debug|x64.Build.0 = Debug|Any CPU
		{69733825-1863-4756-B12A-E24D9F17B9EB}.Debug|x86.ActiveCfg = Debug|Any CPU
		{69733825-1863-4756-B12A-E24D9F17B9EB}.Debug|x86.Build.0 = Debug|Any CPU
		{69733825-1863-4756-B12A-E24D9F17B9EB}.Release|Any CPU.ActiveCfg = Release|Any CPU
		{69733825-1863-4756-B12A-E24D9F17B9EB}.Release|Any CPU.Build.0 = Release|Any CPU
		{69733825-1863-4756-B12A-E24D9F17B9EB}.Release|x64.ActiveCfg = Release|Any CPU
		{69733825-1863-4756-B12A-E24D9F17B9EB}.Release|x64.Build.0 = Release|Any CPU
		{69733825-1863-4756-B12A-E24D9F17B9EB}.Release|x86.ActiveCfg = Release|Any CPU
		{69733825-1863-4756-B12A-E24D9F17B9EB}.Release|x86.Build.0 = Release|Any CPU
	EndGlobalSection
	GlobalSection(SolutionProperties) = preSolution
		HideSolutionNode = FALSE
	EndGlobalSection
	GlobalSection(ExtensibilityGlobals) = postSolution
		SolutionGuid = {58CB0523-EC7B-4F3C-9AC6-42A895C36C54}
	EndGlobalSection
EndGlobal
